
Microsoft Visual Studio Solution File, Format Version 12.00
# Visual Studio Version 17
VisualStudioVersion = 17.5.33424.131
MinimumVisualStudioVersion = 10.0.40219.1
Project("{FAE04EC0-301F-11D3-BF4B-00C04F79EFBC}") = "BogusData", "BogusData\BogusData.csproj", "{42905A58-3089-414A-A22F-CC62A5EF1E9D}"
EndProject
Global
	GlobalSection(SolutionConfigurationPlatforms) = preSolution
		Debug|Any CPU = Debug|Any CPU
		Release|Any CPU = Release|Any CPU
	EndGlobalSection
	GlobalSection(ProjectConfigurationPlatforms) = postSolution
		{42905A58-3089-414A-A22F-CC62A5EF1E9D}.Debug|Any CPU.ActiveCfg = Debug|Any CPU
		{42905A58-3089-414A-A22F-CC62A5EF1E9D}.Debug|Any CPU.Build.0 = Debug|Any CPU
		{42905A58-3089-414A-A22F-CC62A5EF1E9D}.Release|Any CPU.ActiveCfg = Release|Any CPU
		{42905A58-3089-414A-A22F-CC62A5EF1E9D}.Release|Any CPU.Build.0 = Release|Any CPU
	EndGlobalSection
	GlobalSection(SolutionProperties) = preSolution
		HideSolutionNode = FALSE
	EndGlobalSection
	GlobalSection(ExtensibilityGlobals) = postSolution
		SolutionGuid = {D921BFFC-5BEA-44A8-8C1E-06E7439BEF38}
	EndGlobalSection
EndGlobal
